Microsoft Visual Studio Solution File, Format Version 12.00
# Visual Studio Version 17
VisualStudioVersion = 17.5.2.0
MinimumVisualStudioVersion = 10.0.40219.1
Project("{FAE04EC0-301F-11D3-BF4B-00C04F79EFBC}") = "OrigenDashboard", "src\OrigenDashboard.csproj", "{B7A0C28E-AD75-8DF0-8302-8FD5BEECCB2D}"
EndProject
Global
	GlobalSection(SolutionConfigurationPlatforms) = preSolution
		Debug|Any CPU = Debug|Any CPU
		Release|Any CPU = Release|Any CPU
	EndGlobalSection
	GlobalSection(ProjectConfigurationPlatforms) = postSolution
		{B7A0C28E-AD75-8DF0-8302-8FD5BEECCB2D}.Debug|Any CPU.ActiveCfg = Debug|Any CPU
		{B7A0C28E-AD75-8DF0-8302-8FD5BEECCB2D}.Debug|Any CPU.Build.0 = Debug|Any CPU
		{B7A0C28E-AD75-8DF0-8302-8FD5BEECCB2D}.Release|Any CPU.ActiveCfg = Release|Any CPU
		{B7A0C28E-AD75-8DF0-8302-8FD5BEECCB2D}.Release|Any CPU.Build.0 = Release|Any CPU
	EndGlobalSection
	GlobalSection(SolutionProperties) = preSolution
		HideSolutionNode = FALSE
	EndGlobalSection
	GlobalSection(ExtensibilityGlobals) = postSolution
		SolutionGuid = {EEAB9FBF-15B6-49A3-80F0-C9D67D7B06D6}
	EndGlobalSection
EndGlobal
